{
  "originHash" : "dd11a25c9804020e0d6b4e45260aaae743f6aaed446d4808a941cac8b4d5777d",
  "pins" : [
    {
      "identity" : "significanthobbies",
      "kind" : "remoteSourceControl",
      "location" : "https://github.com/Significant-Hobbies/significanthobbies.git",
      "state" : {
        "revision" : "007cc255e75d291d10528ea9b123759d7e050be3"
      }
    }
  ],
  "version" : 3
}
