{
  "originHash" : "dd11a25c9804020e0d6b4e45260aaae743f6aaed446d4808a941cac8b4d5777d",
  "pins" : [
    {
      "identity" : "significanthobbies",
      "kind" : "remoteSourceControl",
      "location" : "https://github.com/Significant-Hobbies/significanthobbies.git",
      "state" : {
        "revision" : "e350a86b2c255861f528d5a22bca1196d5a2898e"
      }
    }
  ],
  "version" : 3
}
